// !$*UTF8*$!
{
	archiveVersion = 1;
	classes = {
	};
	objectVersion = 56;
	objects = {

/* Begin PBXBuildFile section */
		45450A9F2BFDFC3200F58003 /* AIHealthAssistantApp.swift in Sources */ = {isa = PBXBuildFile; fileRef = 45450A9E2BFDFC3200F58003 /* AIHealthAssistantApp.swift */; };
		45450AA12BFDFC3200F58003 /* ContentView.swift in Sources */ = {isa = PBXBuildFile; fileRef = 45450AA02BFDFC3200F58003 /* ContentView.swift */; };
		45450AA32BFDFC3300F58003 /* Assets.xcassets in Resources */ = {isa = PBXBuildFile; fileRef = 45450AA22BFDFC3300F58003 /* Assets.xcassets */; };
		45450AA72BFDFC3300F58003 /* Preview Assets.xcassets in Resources */ = {isa = PBXBuildFile; fileRef = 45450AA62BFDFC3300F58003 /* Preview Assets.xcassets */; };
		45450AB12BFDFC3300F58003 /* AIHealthAssistantTests.swift in Sources */ = {isa = PBXBuildFile; fileRef = 45450AB02BFDFC3300F58003 /* AIHealthAssistantTests.swift */; };
		45450ABB2BFDFC3300F58003 /* AIHealthAssistantUITests.swift in Sources */ = {isa = PBXBuildFile; fileRef = 45450ABA2BFDFC3300F58003 /* AIHealthAssistantUITests.swift */; };
		45450ABD2BFDFC3300F58003 /* AIHealthAssistantUITestsLaunchTests.swift in Sources */ = {isa = PBXBuildFile; fileRef = 45450ABC2BFDFC3300F58003 /* AIHealthAssistantUITestsLaunchTests.swift */; };
		45450ACA2BFE04E000F58003 /* HealthKitManager.swift in Sources */ = {isa = PBXBuildFile; fileRef = 45450AC92BFE04E000F58003 /* HealthKitManager.swift */; };
/* End PBXBuildFile section */

/* Begin PBXContainerItemProxy section */
		45450AAD2BFDFC3300F58003 /* PBXContainerItemProxy */ = {
			isa = PBXContainerItemProxy;
			containerPortal = 45450A932BFDFC3200F58003 /* Project object */;
			proxyType = 1;
			remoteGlobalIDString = 45450A9A2BFDFC3200F58003;
			remoteInfo = AIHealthAssistant;
		};
		45450AB72BFDFC3300F58003 /* PBXContainerItemProxy */ = {
			isa = PBXContainerItemProxy;
			containerPortal = 45450A932BFDFC3200F58003 /* Project object */;
			proxyType = 1;
			remoteGlobalIDString = 45450A9A2BFDFC3200F58003;
			remoteInfo = AIHealthAssistant;
		};
/* End PBXContainerItemProxy section */

/* Begin PBXFileReference section */
		45450A9B2BFDFC3200F58003 /* AIHealthAssistant.app */ = {isa = PBXFileReference; explicitFileType = wrapper.application; includeInIndex = 0; path = AIHealthAssistant.app; sourceTree = BUILT_PRODUCTS_DIR; };
		45450A9E2BFDFC3200F58003 /* AIHealthAssistantApp.swift */ = {isa = PBXFileReference; lastKnownFileType = sourcecode.swift; path = AIHealthAssistantApp.swift; sourceTree = "<group>"; };
		45450AA02BFDFC3200F58003 /* ContentView.swift */ = {isa = PBXFileReference; lastKnownFileType = sourcecode.swift; path = ContentView.swift; sourceTree = "<group>"; };
		45450AA22BFDFC3300F58003 /* Assets.xcassets */ = {isa = PBXFileReference; lastKnownFileType = folder.assetcatalog; path = Assets.xcassets; sourceTree = "<group>"; };
		45450AA42BFDFC3300F58003 /* AIHealthAssistant.entitlements */ = {isa = PBXFileReference; lastKnownFileType = text.plist.entitlements; path = AIHealthAssistant.entitlements; sourceTree = "<group>"; };
		45450AA62BFDFC3300F58003 /* Preview Assets.xcassets */ = {isa = PBXFileReference; lastKnownFileType = folder.assetcatalog; path = "Preview Assets.xcassets"; sourceTree = "<group>"; };
		45450AAC2BFDFC3300F58003 /* AIHealthAssistantTests.xctest */ = {isa = PBXFileReference; explicitFileType = wrapper.cfbundle; includeInIndex = 0; path = AIHealthAssistantTests.xctest; sourceTree = BUILT_PRODUCTS_DIR; };
		45450AB02BFDFC3300F58003 /* AIHealthAssistantTests.swift */ = {isa = PBXFileReference; lastKnownFileType = sourcecode.swift; path = AIHealthAssistantTests.swift; sourceTree = "<group>"; };
		45450AB62BFDFC3300F58003 /* AIHealthAssistantUITests.xctest */ = {isa = PBXFileReference; explicitFileType = wrapper.cfbundle; includeInIndex = 0; path = AIHealthAssistantUITests.xctest; sourceTree = BUILT_PRODUCTS_DIR; };
		45450ABA2BFDFC3300F58003 /* AIHealthAssistantUITests.swift */ = {isa = PBXFileReference; lastKnownFileType = sourcecode.swift; path = AIHealthAssistantUITests.swift; sourceTree = "<group>"; };
		45450ABC2BFDFC3300F58003 /* AIHealthAssistantUITestsLaunchTests.swift */ = {isa = PBXFileReference; lastKnownFileType = sourcecode.swift; path = AIHealthAssistantUITestsLaunchTests.swift; sourceTree = "<group>"; };
		45450AC92BFE04E000F58003 /* HealthKitManager.swift */ = {isa = PBXFileReference; fileEncoding = 4; lastKnownFileType = sourcecode.swift; path = HealthKitManager.swift; sourceTree = "<group>"; };
/* End PBXFileReference section */

/* Begin PBXFrameworksBuildPhase section */
		45450A982BFDFC3200F58003 /* Frameworks */ = {
			isa = PBXFrameworksBuildPhase;
			buildActionMask = 2147483647;
			files = (
			);
			runOnlyForDeploymentPostprocessing = 0;
		};
		45450AA92BFDFC3300F58003 /* Frameworks */ = {
			isa = PBXFrameworksBuildPhase;
			buildActionMask = 2147483647;
			files = (
			);
			runOnlyForDeploymentPostprocessing = 0;
		};
		45450AB32BFDFC3300F58003 /* Frameworks */ = {
			isa = PBXFrameworksBuildPhase;
			buildActionMask = 2147483647;
			files = (
			);
			runOnlyForDeploymentPostprocessing = 0;
		};
/* End PBXFrameworksBuildPhase section */

/* Begin PBXGroup section */
		45450A922BFDFC3200F58003 = {
			isa = PBXGroup;
			children = (
				45450A9D2BFDFC3200F58003 /* AIHealthAssistant */,
				45450AAF2BFDFC3300F58003 /* AIHealthAssistantTests */,
				45450AB92BFDFC3300F58003 /* AIHealthAssistantUITests */,
				45450A9C2BFDFC3200F58003 /* Products */,
			);
			sourceTree = "<group>";
		};
		45450A9C2BFDFC3200F58003 /* Products */ = {
			isa = PBXGroup;
			children = (
				45450A9B2BFDFC3200F58003 /* AIHealthAssistant.app */,
				45450AAC2BFDFC3300F58003 /* AIHealthAssistantTests.xctest */,
				45450AB62BFDFC3300F58003 /* AIHealthAssistantUITests.xctest */,
			);
			name = Products;
			sourceTree = "<group>";
		};
		45450A9D2BFDFC3200F58003 /* AIHealthAssistant */ = {
			isa = PBXGroup;
			children = (
				45450A9E2BFDFC3200F58003 /* AIHealthAssistantApp.swift */,
				45450AC92BFE04E000F58003 /* HealthKitManager.swift */,
				45450AA02BFDFC3200F58003 /* ContentView.swift */,
				45450AA22BFDFC3300F58003 /* Assets.xcassets */,
				45450AA42BFDFC3300F58003 /* AIHealthAssistant.entitlements */,
				45450AA52BFDFC3300F58003 /* Preview Content */,
			);
			path = AIHealthAssistant;
			sourceTree = "<group>";
		};
		45450AA52BFDFC3300F58003 /* Preview Content */ = {
			isa = PBXGroup;
			children = (
				45450AA62BFDFC3300F58003 /* Preview Assets.xcassets */,
			);
			path = "Preview Content";
			sourceTree = "<group>";
		};
		45450AAF2BFDFC3300F58003 /* AIHealthAssistantTests */ = {
			isa = PBXGroup;
			children = (
				45450AB02BFDFC3300F58003 /* AIHealthAssistantTests.swift */,
			);
			path = AIHealthAssistantTests;
			sourceTree = "<group>";
		};
		45450AB92BFDFC3300F58003 /* AIHealthAssistantUITests */ = {
			isa = PBXGroup;
			children = (
				45450ABA2BFDFC3300F58003 /* AIHealthAssistantUITests.swift */,
				45450ABC2BFDFC3300F58003 /* AIHealthAssistantUITestsLaunchTests.swift */,
			);
			path = AIHealthAssistantUITests;
			sourceTree = "<group>";
		};
/* End PBXGroup section */

/* Begin PBXNativeTarget section */
		45450A9A2BFDFC3200F58003 /* AIHealthAssistant */ = {
			isa = PBXNativeTarget;
			buildConfigurationList = 45450AC02BFDFC3300F58003 /* Build configuration list for PBXNativeTarget "AIHealthAssistant" */;
			buildPhases = (
				45450A972BFDFC3200F58003 /* Sources */,
				45450A982BFDFC3200F58003 /* Frameworks */,
				45450A992BFDFC3200F58003 /* Resources */,
			);
			buildRules = (
			);
			dependencies = (
			);
			name = AIHealthAssistant;
			productName = AIHealthAssistant;
			productReference = 45450A9B2BFDFC3200F58003 /* AIHealthAssistant.app */;
			productType = "com.apple.product-type.application";
		};
		45450AAB2BFDFC3300F58003 /* AIHealthAssistantTests */ = {
			isa = PBXNativeTarget;
			buildConfigurationList = 45450AC32BFDFC3300F58003 /* Build configuration list for PBXNativeTarget "AIHealthAssistantTests" */;
			buildPhases = (
				45450AA82BFDFC3300F58003 /* Sources */,
				45450AA92BFDFC3300F58003 /* Frameworks */,
				45450AAA2BFDFC3300F58003 /* Resources */,
			);
			buildRules = (
			);
			dependencies = (
				45450AAE2BFDFC3300F58003 /* PBXTargetDependency */,
			);
			name = AIHealthAssistantTests;
			productName = AIHealthAssistantTests;
			productReference = 45450AAC2BFDFC3300F58003 /* AIHealthAssistantTests.xctest */;
			productType = "com.apple.product-type.bundle.unit-test";
		};
		45450AB52BFDFC3300F58003 /* AIHealthAssistantUITests */ = {
			isa = PBXNativeTarget;
			buildConfigurationList = 45450AC62BFDFC3300F58003 /* Build configuration list for PBXNativeTarget "AIHealthAssistantUITests" */;
			buildPhases = (
				45450AB22BFDFC3300F58003 /* Sources */,
				45450AB32BFDFC3300F58003 /* Frameworks */,
				45450AB42BFDFC3300F58003 /* Resources */,
			);
			buildRules = (
			);
			dependencies = (
				45450AB82BFDFC3300F58003 /* PBXTargetDependency */,
			);
			name = AIHealthAssistantUITests;
			productName = AIHealthAssistantUITests;
			productReference = 45450AB62BFDFC3300F58003 /* AIHealthAssistantUITests.xctest */;
			productType = "com.apple.product-type.bundle.ui-testing";
		};
/* End PBXNativeTarget section */

/* Begin PBXProject section */
		45450A932BFDFC3200F58003 /* Project object */ = {
			isa = PBXProject;
			attributes = {
				BuildIndependentTargetsInParallel = 1;
				LastSwiftUpdateCheck = 1540;
				LastUpgradeCheck = 1540;
				TargetAttributes = {
					45450A9A2BFDFC3200F58003 = {
						CreatedOnToolsVersion = 15.4;
					};
					45450AAB2BFDFC3300F58003 = {
						CreatedOnToolsVersion = 15.4;
						TestTargetID = 45450A9A2BFDFC3200F58003;
					};
					45450AB52BFDFC3300F58003 = {
						CreatedOnToolsVersion = 15.4;
						TestTargetID = 45450A9A2BFDFC3200F58003;
					};
				};
			};
			buildConfigurationList = 45450A962BFDFC3200F58003 /* Build configuration list for PBXProject "AIHealthAssistant" */;
			compatibilityVersion = "Xcode 14.0";
			developmentRegion = en;
			hasScannedForEncodings = 0;
			knownRegions = (
				en,
				Base,
			);
			mainGroup = 45450A922BFDFC3200F58003;
			productRefGroup = 45450A9C2BFDFC3200F58003 /* Products */;
			projectDirPath = "";
			projectRoot = "";
			targets = (
				45450A9A2BFDFC3200F58003 /* AIHealthAssistant */,
				45450AAB2BFDFC3300F58003 /* AIHealthAssistantTests */,
				45450AB52BFDFC3300F58003 /* AIHealthAssistantUITests */,
			);
		};
/* End PBXProject section */

/* Begin PBXResourcesBuildPhase section */
		45450A992BFDFC3200F58003 /* Resources */ = {
			isa = PBXResourcesBuildPhase;
			buildActionMask = 2147483647;
			files = (
				45450AA72BFDFC3300F58003 /* Preview Assets.xcassets in Resources */,
				45450AA32BFDFC3300F58003 /* Assets.xcassets in Resources */,
			);
			runOnlyForDeploymentPostprocessing = 0;
		};
		45450AAA2BFDFC3300F58003 /* Resources */ = {
			isa = PBXResourcesBuildPhase;
			buildActionMask = 2147483647;
			files = (
			);
			runOnlyForDeploymentPostprocessing = 0;
		};
		45450AB42BFDFC3300F58003 /* Resources */ = {
			isa = PBXResourcesBuildPhase;
			buildActionMask = 2147483647;
			files = (
			);
			runOnlyForDeploymentPostprocessing = 0;
		};
/* End PBXResourcesBuildPhase section */

/* Begin PBXSourcesBuildPhase section */
		45450A972BFDFC3200F58003 /* Sources */ = {
			isa = PBXSourcesBuildPhase;
			buildActionMask = 2147483647;
			files = (
				45450AA12BFDFC3200F58003 /* ContentView.swift in Sources */,
				45450A9F2BFDFC3200F58003 /* AIHealthAssistantApp.swift in Sources */,
				45450ACA2BFE04E000F58003 /* HealthKitManager.swift in Sources */,
			);
			runOnlyForDeploymentPostprocessing = 0;
		};
		45450AA82BFDFC3300F58003 /* Sources */ = {
			isa = PBXSourcesBuildPhase;
			buildActionMask = 2147483647;
			files = (
				45450AB12BFDFC3300F58003 /* AIHealthAssistantTests.swift in Sources */,
			);
			runOnlyForDeploymentPostprocessing = 0;
		};
		45450AB22BFDFC3300F58003 /* Sources */ = {
			isa = PBXSourcesBuildPhase;
			buildActionMask = 2147483647;
			files = (
				45450ABB2BFDFC3300F58003 /* AIHealthAssistantUITests.swift in Sources */,
				45450ABD2BFDFC3300F58003 /* AIHealthAssistantUITestsLaunchTests.swift in Sources */,
			);
			runOnlyForDeploymentPostprocessing = 0;
		};
/* End PBXSourcesBuildPhase section */

/* Begin PBXTargetDependency section */
		45450AAE2BFDFC3300F58003 /* PBXTargetDependency */ = {
			isa = PBXTargetDependency;
			target = 45450A9A2BFDFC3200F58003 /* AIHealthAssistant */;
			targetProxy = 45450AAD2BFDFC3300F58003 /* PBXContainerItemProxy */;
		};
		45450AB82BFDFC3300F58003 /* PBXTargetDependency */ = {
			isa = PBXTargetDependency;
			target = 45450A9A2BFDFC3200F58003 /* AIHealthAssistant */;
			targetProxy = 45450AB72BFDFC3300F58003 /* PBXContainerItemProxy */;
		};
/* End PBXTargetDependency section */

/* Begin XCBuildConfiguration section */
		45450ABE2BFDFC3300F58003 /* Debug */ = {
			isa = XCBuildConfiguration;
			buildSettings = {
				ALWAYS_SEARCH_USER_PATHS = NO;
				ASSETCATALOG_COMPILER_GENERATE_SWIFT_ASSET_SYMBOL_EXTENSIONS = YES;
				CLANG_ANALYZER_NONNULL = YES;
				CLANG_ANALYZER_NUMBER_OBJECT_CONVERSION = YES_AGGRESSIVE;
				CLANG_CXX_LANGUAGE_STANDARD = "gnu++20";
				CLANG_ENABLE_MODULES = YES;
				CLANG_ENABLE_OBJC_ARC = YES;
				CLANG_ENABLE_OBJC_WEAK = YES;
				CLANG_WARN_BLOCK_CAPTURE_AUTORELEASING = YES;
				CLANG_WARN_BOOL_CONVERSION = YES;
				CLANG_WARN_COMMA = YES;
				CLANG_WARN_CONSTANT_CONVERSION = YES;
				CLANG_WARN_DEPRECATED_OBJC_IMPLEMENTATIONS = YES;
				CLANG_WARN_DIRECT_OBJC_ISA_USAGE = YES_ERROR;
				CLANG_WARN_DOCUMENTATION_COMMENTS = YES;
				CLANG_WARN_EMPTY_BODY = YES;
				CLANG_WARN_ENUM_CONVERSION = YES;
				CLANG_WARN_INFINITE_RECURSION = YES;
				CLANG_WARN_INT_CONVERSION = YES;
				CLANG_WARN_NON_LITERAL_NULL_CONVERSION = YES;
				CLANG_WARN_OBJC_IMPLICIT_RETAIN_SELF = YES;
				CLANG_WARN_OBJC_LITERAL_CONVERSION = YES;
				CLANG_WARN_OBJC_ROOT_CLASS = YES_ERROR;
				CLANG_WARN_QUOTED_INCLUDE_IN_FRAMEWORK_HEADER = YES;
				CLANG_WARN_RANGE_LOOP_ANALYSIS = YES;
				CLANG_WARN_STRICT_PROTOTYPES = YES;
				CLANG_WARN_SUSPICIOUS_MOVE = YES;
				CLANG_WARN_UNGUARDED_AVAILABILITY = YES_AGGRESSIVE;
				CLANG_WARN_UNREACHABLE_CODE = YES;
				CLANG_WARN__DUPLICATE_METHOD_MATCH = YES;
				COPY_PHASE_STRIP = NO;
				DEBUG_INFORMATION_FORMAT = dwarf;
				ENABLE_STRICT_OBJC_MSGSEND = YES;
				ENABLE_TESTABILITY = YES;
				ENABLE_USER_SCRIPT_SANDBOXING = YES;
				GCC_C_LANGUAGE_STANDARD = gnu17;
				GCC_DYNAMIC_NO_PIC = NO;
				GCC_NO_COMMON_BLOCKS = YES;
				GCC_OPTIMIZATION_LEVEL = 0;
				GCC_PREPROCESSOR_DEFINITIONS = (
					"DEBUG=1",
					"$(inherited)",
				);
				GCC_WARN_64_TO_32_BIT_CONVERSION = YES;
				GCC_WARN_ABOUT_RETURN_TYPE = YES_ERROR;
				GCC_WARN_UNDECLARED_SELECTOR = YES;
				GCC_WARN_UNINITIALIZED_AUTOS = YES_AGGRESSIVE;
				GCC_WARN_UNUSED_FUNCTION = YES;
				GCC_WARN_UNUSED_VARIABLE = YES;
				LOCALIZATION_PREFERS_STRING_CATALOGS = YES;
				MTL_ENABLE_DEBUG_INFO = INCLUDE_SOURCE;
				MTL_FAST_MATH = YES;
				ONLY_ACTIVE_ARCH = YES;
				SWIFT_ACTIVE_COMPILATION_CONDITIONS = "DEBUG $(inherited)";
				SWIFT_OPTIMIZATION_LEVEL = "-Onone";
			};
			name = Debug;
		};
		45450ABF2BFDFC3300F58003 /* Release */ = {
			isa = XCBuildConfiguration;
			buildSettings = {
				ALWAYS_SEARCH_USER_PATHS = NO;
				ASSETCATALOG_COMPILER_GENERATE_SWIFT_ASSET_SYMBOL_EXTENSIONS = YES;
				CLANG_ANALYZER_NONNULL = YES;
				CLANG_ANALYZER_NUMBER_OBJECT_CONVERSION = YES_AGGRESSIVE;
				CLANG_CXX_LANGUAGE_STANDARD = "gnu++20";
				CLANG_ENABLE_MODULES = YES;
				CLANG_ENABLE_OBJC_ARC = YES;
				CLANG_ENABLE_OBJC_WEAK = YES;
				CLANG_WARN_BLOCK_CAPTURE_AUTORELEASING = YES;
				CLANG_WARN_BOOL_CONVERSION = YES;
				CLANG_WARN_COMMA = YES;
				CLANG_WARN_CONSTANT_CONVERSION = YES;
				CLANG_WARN_DEPRECATED_OBJC_IMPLEMENTATIONS = YES;
				CLANG_WARN_DIRECT_OBJC_ISA_USAGE = YES_ERROR;
				CLANG_WARN_DOCUMENTATION_COMMENTS = YES;
				CLANG_WARN_EMPTY_BODY = YES;
				CLANG_WARN_ENUM_CONVERSION = YES;
				CLANG_WARN_INFINITE_RECURSION = YES;
				CLANG_WARN_INT_CONVERSION = YES;
				CLANG_WARN_NON_LITERAL_NULL_CONVERSION = YES;
				CLANG_WARN_OBJC_IMPLICIT_RETAIN_SELF = YES;
				CLANG_WARN_OBJC_LITERAL_CONVERSION = YES;
				CLANG_WARN_OBJC_ROOT_CLASS = YES_ERROR;
				CLANG_WARN_QUOTED_INCLUDE_IN_FRAMEWORK_HEADER = YES;
				CLANG_WARN_RANGE_LOOP_ANALYSIS = YES;
				CLANG_WARN_STRICT_PROTOTYPES = YES;
				CLANG_WARN_SUSPICIOUS_MOVE = YES;
				CLANG_WARN_UNGUARDED_AVAILABILITY = YES_AGGRESSIVE;
				CLANG_WARN_UNREACHABLE_CODE = YES;
				CLANG_WARN__DUPLICATE_METHOD_MATCH = YES;
				COPY_PHASE_STRIP = NO;
				DEBUG_INFORMATION_FORMAT = "dwarf-with-dsym";
				ENABLE_NS_ASSERTIONS = NO;
				ENABLE_STRICT_OBJC_MSGSEND = YES;
				ENABLE_USER_SCRIPT_SANDBOXING = YES;
				GCC_C_LANGUAGE_STANDARD = gnu17;
				GCC_NO_COMMON_BLOCKS = YES;
				GCC_WARN_64_TO_32_BIT_CONVERSION = YES;
				GCC_WARN_ABOUT_RETURN_TYPE = YES_ERROR;
				GCC_WARN_UNDECLARED_SELECTOR = YES;
				GCC_WARN_UNINITIALIZED_AUTOS = YES_AGGRESSIVE;
				GCC_WARN_UNUSED_FUNCTION = YES;
				GCC_WARN_UNUSED_VARIABLE = YES;
				LOCALIZATION_PREFERS_STRING_CATALOGS = YES;
				MTL_ENABLE_DEBUG_INFO = NO;
				MTL_FAST_MATH = YES;
				SWIFT_COMPILATION_MODE = wholemodule;
			};
			name = Release;
		};
		45450AC12BFDFC3300F58003 /* Debug */ = {
			isa = XCBuildConfiguration;
			buildSettings = {
				ASSETCATALOG_COMPILER_APPICON_NAME = AppIcon;
				ASSETCATALOG_COMPILER_GLOBAL_ACCENT_COLOR_NAME = AccentColor;
				CODE_SIGN_ENTITLEMENTS = AIHealthAssistant/AIHealthAssistant.entitlements;
				CODE_SIGN_STYLE = Automatic;
				CURRENT_PROJECT_VERSION = 1;
				DEVELOPMENT_ASSET_PATHS = "\"AIHealthAssistant/Preview Content\"";
				DEVELOPMENT_TEAM = "";
				ENABLE_HARDENED_RUNTIME = YES;
				ENABLE_PREVIEWS = YES;
				GENERATE_INFOPLIST_FILE = YES;
				INFOPLIST_KEY_NSHealthClinicalHealthRecordsShareUsageDescription = "\"We need your HealthKit data for personalized health recommendations\"";
				INFOPLIST_KEY_NSHealthShareUsageDescription = "\"We need your HealthKit data for personalized health recommendations\"";
				INFOPLIST_KEY_NSHealthUpdateUsageDescription = "\"We need your HealthKit data for personalized health recommendations\"";
				"INFOPLIST_KEY_UIApplicationSceneManifest_Generation[sdk=iphoneos*]" = YES;
				"INFOPLIST_KEY_UIApplicationSceneManifest_Generation[sdk=iphonesimulator*]" = YES;
				"INFOPLIST_KEY_UIApplicationSupportsIndirectInputEvents[sdk=iphoneos*]" = YES;
				"INFOPLIST_KEY_UIApplicationSupportsIndirectInputEvents[sdk=iphonesimulator*]" = YES;
				"INFOPLIST_KEY_UILaunchScreen_Generation[sdk=iphoneos*]" = YES;
				"INFOPLIST_KEY_UILaunchScreen_Generation[sdk=iphonesimulator*]" = YES;
				"INFOPLIST_KEY_UIStatusBarStyle[sdk=iphoneos*]" = UIStatusBarStyleDefault;
				"INFOPLIST_KEY_UIStatusBarStyle[sdk=iphonesimulator*]" = UIStatusBarStyleDefault;
				INFOPLIST_KEY_UISupportedInterfaceOrientations_iPad = "UIInterfaceOrientationPortrait UIInterfaceOrientationPortraitUpsideDown UIInterfaceOrientationLandscapeLeft UIInterfaceOrientationLandscapeRight";
				INFOPLIST_KEY_UISupportedInterfaceOrientations_iPhone = "UIInterfaceOrientationPortrait UIInterfaceOrientationLandscapeLeft UIInterfaceOrientationLandscapeRight";
				IPHONEOS_DEPLOYMENT_TARGET = 17.5;
				LD_RUNPATH_SEARCH_PATHS = "@executable_path/Frameworks";
				"LD_RUNPATH_SEARCH_PATHS[sdk=macosx*]" = "@executable_path/../Frameworks";
				MACOSX_DEPLOYMENT_TARGET = 14.4;
				MARKETING_VERSION = 1.0;
				PRODUCT_BUNDLE_IDENTIFIER = com.igorlopatka.AIHealthAssistant;
				PRODUCT_NAME = "$(TARGET_NAME)";
				SDKROOT = auto;
				SUPPORTED_PLATFORMS = "iphoneos iphonesimulator macosx";
				SWIFT_EMIT_LOC_STRINGS = YES;
				SWIFT_VERSION = 5.0;
				TARGETED_DEVICE_FAMILY = "1,2";
			};
			name = Debug;
		};
		45450AC22BFDFC3300F58003 /* Release */ = {
			isa = XCBuildConfiguration;
			buildSettings = {
				ASSETCATALOG_COMPILER_APPICON_NAME = AppIcon;
				ASSETCATALOG_COMPILER_GLOBAL_ACCENT_COLOR_NAME = AccentColor;
				CODE_SIGN_ENTITLEMENTS = AIHealthAssistant/AIHealthAssistant.entitlements;
				CODE_SIGN_STYLE = Automatic;
				CURRENT_PROJECT_VERSION = 1;
				DEVELOPMENT_ASSET_PATHS = "\"AIHealthAssistant/Preview Content\"";
				DEVELOPMENT_TEAM = "";
				ENABLE_HARDENED_RUNTIME = YES;
				ENABLE_PREVIEWS = YES;
				GENERATE_INFOPLIST_FILE = YES;
				INFOPLIST_KEY_NSHealthClinicalHealthRecordsShareUsageDescription = "\"We need your HealthKit data for personalized health recommendations\"";
				INFOPLIST_KEY_NSHealthShareUsageDescription = "\"We need your HealthKit data for personalized health recommendations\"";
				INFOPLIST_KEY_NSHealthUpdateUsageDescription = "\"We need your HealthKit data for personalized health recommendations\"";
				"INFOPLIST_KEY_UIApplicationSceneManifest_Generation[sdk=iphoneos*]" = YES;
				"INFOPLIST_KEY_UIApplicationSceneManifest_Generation[sdk=iphonesimulator*]" = YES;
				"INFOPLIST_KEY_UIApplicationSupportsIndirectInputEvents[sdk=iphoneos*]" = YES;
				"INFOPLIST_KEY_UIApplicationSupportsIndirectInputEvents[sdk=iphonesimulator*]" = YES;
				"INFOPLIST_KEY_UILaunchScreen_Generation[sdk=iphoneos*]" = YES;
				"INFOPLIST_KEY_UILaunchScreen_Generation[sdk=iphonesimulator*]" = YES;
				"INFOPLIST_KEY_UIStatusBarStyle[sdk=iphoneos*]" = UIStatusBarStyleDefault;
				"INFOPLIST_KEY_UIStatusBarStyle[sdk=iphonesimulator*]" = UIStatusBarStyleDefault;
				INFOPLIST_KEY_UISupportedInterfaceOrientations_iPad = "UIInterfaceOrientationPortrait UIInterfaceOrientationPortraitUpsideDown UIInterfaceOrientationLandscapeLeft UIInterfaceOrientationLandscapeRight";
				INFOPLIST_KEY_UISupportedInterfaceOrientations_iPhone = "UIInterfaceOrientationPortrait UIInterfaceOrientationLandscapeLeft UIInterfaceOrientationLandscapeRight";
				IPHONEOS_DEPLOYMENT_TARGET = 17.5;
				LD_RUNPATH_SEARCH_PATHS = "@executable_path/Frameworks";
				"LD_RUNPATH_SEARCH_PATHS[sdk=macosx*]" = "@executable_path/../Frameworks";
				MACOSX_DEPLOYMENT_TARGET = 14.4;
				MARKETING_VERSION = 1.0;
				PRODUCT_BUNDLE_IDENTIFIER = com.igorlopatka.AIHealthAssistant;
				PRODUCT_NAME = "$(TARGET_NAME)";
				SDKROOT = auto;
				SUPPORTED_PLATFORMS = "iphoneos iphonesimulator macosx";
				SWIFT_EMIT_LOC_STRINGS = YES;
				SWIFT_VERSION = 5.0;
				TARGETED_DEVICE_FAMILY = "1,2";
			};
			name = Release;
		};
		45450AC42BFDFC3300F58003 /* Debug */ = {
			isa = XCBuildConfiguration;
			buildSettings = {
				ALWAYS_EMBED_SWIFT_STANDARD_LIBRARIES = YES;
				BUNDLE_LOADER = "$(TEST_HOST)";
				CODE_SIGN_STYLE = Automatic;
				CURRENT_PROJECT_VERSION = 1;
				DEVELOPMENT_TEAM = 6A7T62L69W;
				GENERATE_INFOPLIST_FILE = YES;
				IPHONEOS_DEPLOYMENT_TARGET = 17.5;
				MACOSX_DEPLOYMENT_TARGET = 14.4;
				MARKETING_VERSION = 1.0;
				PRODUCT_BUNDLE_IDENTIFIER = com.igorlopatka.AIHealthAssistantTests;
				PRODUCT_NAME = "$(TARGET_NAME)";
				SDKROOT = auto;
				SUPPORTED_PLATFORMS = "iphoneos iphonesimulator macosx";
				SWIFT_EMIT_LOC_STRINGS = NO;
				SWIFT_VERSION = 5.0;
				TARGETED_DEVICE_FAMILY = "1,2";
				TEST_HOST = "$(BUILT_PRODUCTS_DIR)/AIHealthAssistant.app/$(BUNDLE_EXECUTABLE_FOLDER_PATH)/AIHealthAssistant";
			};
			name = Debug;
		};
		45450AC52BFDFC3300F58003 /* Release */ = {
			isa = XCBuildConfiguration;
			buildSettings = {
				ALWAYS_EMBED_SWIFT_STANDARD_LIBRARIES = YES;
				BUNDLE_LOADER = "$(TEST_HOST)";
				CODE_SIGN_STYLE = Automatic;
				CURRENT_PROJECT_VERSION = 1;
				DEVELOPMENT_TEAM = 6A7T62L69W;
				GENERATE_INFOPLIST_FILE = YES;
				IPHONEOS_DEPLOYMENT_TARGET = 17.5;
				MACOSX_DEPLOYMENT_TARGET = 14.4;
				MARKETING_VERSION = 1.0;
				PRODUCT_BUNDLE_IDENTIFIER = com.igorlopatka.AIHealthAssistantTests;
				PRODUCT_NAME = "$(TARGET_NAME)";
				SDKROOT = auto;
				SUPPORTED_PLATFORMS = "iphoneos iphonesimulator macosx";
				SWIFT_EMIT_LOC_STRINGS = NO;
				SWIFT_VERSION = 5.0;
				TARGETED_DEVICE_FAMILY = "1,2";
				TEST_HOST = "$(BUILT_PRODUCTS_DIR)/AIHealthAssistant.app/$(BUNDLE_EXECUTABLE_FOLDER_PATH)/AIHealthAssistant";
			};
			name = Release;
		};
		45450AC72BFDFC3300F58003 /* Debug */ = {
			isa = XCBuildConfiguration;
			buildSettings = {
				ALWAYS_EMBED_SWIFT_STANDARD_LIBRARIES = YES;
				CODE_SIGN_STYLE = Automatic;
				CURRENT_PROJECT_VERSION = 1;
				DEVELOPMENT_TEAM = 6A7T62L69W;
				GENERATE_INFOPLIST_FILE = YES;
				IPHONEOS_DEPLOYMENT_TARGET = 17.5;
				MACOSX_DEPLOYMENT_TARGET = 14.4;
				MARKETING_VERSION = 1.0;
				PRODUCT_BUNDLE_IDENTIFIER = com.igorlopatka.AIHealthAssistantUITests;
				PRODUCT_NAME = "$(TARGET_NAME)";
				SDKROOT = auto;
				SUPPORTED_PLATFORMS = "iphoneos iphonesimulator macosx";
				SWIFT_EMIT_LOC_STRINGS = NO;
				SWIFT_VERSION = 5.0;
				TARGETED_DEVICE_FAMILY = "1,2";
				TEST_TARGET_NAME = AIHealthAssistant;
			};
			name = Debug;
		};
		45450AC82BFDFC3300F58003 /* Release */ = {
			isa = XCBuildConfiguration;
			buildSettings = {
				ALWAYS_EMBED_SWIFT_STANDARD_LIBRARIES = YES;
				CODE_SIGN_STYLE = Automatic;
				CURRENT_PROJECT_VERSION = 1;
				DEVELOPMENT_TEAM = 6A7T62L69W;
				GENERATE_INFOPLIST_FILE = YES;
				IPHONEOS_DEPLOYMENT_TARGET = 17.5;
				MACOSX_DEPLOYMENT_TARGET = 14.4;
				MARKETING_VERSION = 1.0;
				PRODUCT_BUNDLE_IDENTIFIER = com.igorlopatka.AIHealthAssistantUITests;
				PRODUCT_NAME = "$(TARGET_NAME)";
				SDKROOT = auto;
				SUPPORTED_PLATFORMS = "iphoneos iphonesimulator macosx";
				SWIFT_EMIT_LOC_STRINGS = NO;
				SWIFT_VERSION = 5.0;
				TARGETED_DEVICE_FAMILY = "1,2";
				TEST_TARGET_NAME = AIHealthAssistant;
			};
			name = Release;
		};
/* End XCBuildConfiguration section */

/* Begin XCConfigurationList section */
		45450A962BFDFC3200F58003 /* Build configuration list for PBXProject "AIHealthAssistant" */ = {
			isa = XCConfigurationList;
			buildConfigurations = (
				45450ABE2BFDFC3300F58003 /* Debug */,
				45450ABF2BFDFC3300F58003 /* Release */,
			);
			defaultConfigurationIsVisible = 0;
			defaultConfigurationName = Release;
		};
		45450AC02BFDFC3300F58003 /* Build configuration list for PBXNativeTarget "AIHealthAssistant" */ = {
			isa = XCConfigurationList;
			buildConfigurations = (
				45450AC12BFDFC3300F58003 /* Debug */,
				45450AC22BFDFC3300F58003 /* Release */,
			);
			defaultConfigurationIsVisible = 0;
			defaultConfigurationName = Release;
		};
		45450AC32BFDFC3300F58003 /* Build configuration list for PBXNativeTarget "AIHealthAssistantTests" */ = {
			isa = XCConfigurationList;
			buildConfigurations = (
				45450AC42BFDFC3300F58003 /* Debug */,
				45450AC52BFDFC3300F58003 /* Release */,
			);
			defaultConfigurationIsVisible = 0;
			defaultConfigurationName = Release;
		};
		45450AC62BFDFC3300F58003 /* Build configuration list for PBXNativeTarget "AIHealthAssistantUITests" */ = {
			isa = XCConfigurationList;
			buildConfigurations = (
				45450AC72BFDFC3300F58003 /* Debug */,
				45450AC82BFDFC3300F58003 /* Release */,
			);
			defaultConfigurationIsVisible = 0;
			defaultConfigurationName = Release;
		};
/* End XCConfigurationList section */
	};
	rootObject = 45450A932BFDFC3200F58003 /* Project object */;
}
